
Microsoft Visual Studio Solution File, Format Version 12.00
# Visual Studio Version 17
VisualStudioVersion = 17.10.35027.167
MinimumVisualStudioVersion = 10.0.40219.1
Project("{FAE04EC0-301F-11D3-BF4B-00C04F79EFBC}") = "Distributed_atomic_operations", "Distributed_atomic_operations\Distributed_atomic_operations.csproj", "{F5168700-5C7E-41DE-AC6A-B1388851ADF6}"
EndProject
Global
	GlobalSection(SolutionConfigurationPlatforms) = preSolution
		Debug|Any CPU = Debug|Any CPU
		Release|Any CPU = Release|Any CPU
	EndGlobalSection
	GlobalSection(ProjectConfigurationPlatforms) = postSolution
		{F5168700-5C7E-41DE-AC6A-B1388851ADF6}.Debug|Any CPU.ActiveCfg = Debug|Any CPU
		{F5168700-5C7E-41DE-AC6A-B1388851ADF6}.Debug|Any CPU.Build.0 = Debug|Any CPU
		{F5168700-5C7E-41DE-AC6A-B1388851ADF6}.Release|Any CPU.ActiveCfg = Release|Any CPU
		{F5168700-5C7E-41DE-AC6A-B1388851ADF6}.Release|Any CPU.Build.0 = Release|Any CPU
	EndGlobalSection
	GlobalSection(SolutionProperties) = preSolution
		HideSolutionNode = FALSE
	EndGlobalSection
	GlobalSection(ExtensibilityGlobals) = postSolution
		SolutionGuid = {C39F49C7-0500-4985-8D6C-458B07640EE2}
	EndGlobalSection
EndGlobal
